
Microsoft Visual Studio Solution File, Format Version 12.00
# Visual Studio 14
VisualStudioVersion = 14.0.24720.0
MinimumVisualStudioVersion = 10.0.40219.1
Project("{2150E333-8FDC-42A3-9474-1A3956D46DE8}") = "ClientSide", "ClientSide", "{AA89C0DC-E698-43FC-BFEF-20B007A48AAE}"
EndProject
Project("{2150E333-8FDC-42A3-9474-1A3956D46DE8}") = "ServerSide", "ServerSide", "{E8DA11C4-89DA-4262-A925-CD820E2EA94B}"
EndProject
Project("{2150E333-8FDC-42A3-9474-1A3956D46DE8}") = "Database", "Database", "{20BB3785-1CE7-413E-94B3-5E54D92A1B2E}"
	ProjectSection(SolutionItems) = preProject
		Source\SerrverSide\Database\dbCreateDatabase.sql = Source\SerrverSide\Database\dbCreateDatabase.sql
		Source\SerrverSide\Database\dbCreateTables.sql = Source\SerrverSide\Database\dbCreateTables.sql
	EndProjectSection
EndProject
Project("{2150E333-8FDC-42A3-9474-1A3956D46DE8}") = "Server", "Server", "{705648AD-D45F-461C-A5CE-85DA6884CA65}"
EndProject
Project("{2150E333-8FDC-42A3-9474-1A3956D46DE8}") = "Libraries", "Libraries", "{3B7C6144-0B99-42A4-BC28-296E53BB2133}"
EndProject
Project("{8BC9CEB8-8B4A-11D0-8D11-00A0C91BC942}") = "3DModelViewer", "Source\ClientSide\3DModelViewer\3DModelViewer.vcxproj", "{46C139BC-6D74-48C2-B1C2-CF464F6C0D94}"
EndProject
Project("{8BC9CEB8-8B4A-11D0-8D11-00A0C91BC942}") = "ModelEditor", "Source\ClientSide\ModelEditor\ModelEditor.vcxproj", "{9BE0EC04-AE90-46F4-B78F-F96AA8707036}"
EndProject
Project("{8BC9CEB8-8B4A-11D0-8D11-00A0C91BC942}") = "liblz4", "Source\Libraries\lz4-dev\visual\VS2010\liblz4\liblz4.vcxproj", "{9092C5CC-3E71-41B3-BF68-4A7BDD8A5476}"
EndProject
Project("{8BC9CEB8-8B4A-11D0-8D11-00A0C91BC942}") = "cpprestsdk140.static", "Source\Libraries\cpprestsdk-master\Release\src\build\vs14.static\casablanca140.static.vcxproj", "{79C9BBEC-D7C9-4BA3-B2B3-5C3A14A9F24A}"
EndProject
Project("{8BC9CEB8-8B4A-11D0-8D11-00A0C91BC942}") = "ModelPublishServer", "Source\SerrverSide\ModelPublishServer\ModelPublishServer.vcxproj", "{D4EB3545-C852-4669-9E7E-0C400856D1BF}"
	ProjectSection(ProjectDependencies) = postProject
		{79C9BBEC-D7C9-4BA3-B2B3-5C3A14A9F24A} = {79C9BBEC-D7C9-4BA3-B2B3-5C3A14A9F24A}
	EndProjectSection
EndProject
Global
	GlobalSection(SharedMSBuildProjectFiles) = preSolution
		Source\Libraries\cpprestsdk-master\Release\src\build\common.vcxitems*{79c9bbec-d7c9-4ba3-b2b3-5c3a14a9f24a}*SharedItemsImports = 4
		Source\Libraries\cpprestsdk-master\Release\src\build\win32.vcxitems*{79c9bbec-d7c9-4ba3-b2b3-5c3a14a9f24a}*SharedItemsImports = 4
	EndGlobalSection
	GlobalSection(SolutionConfigurationPlatforms) = preSolution
		Debug|ARM = Debug|ARM
		Debug|x64 = Debug|x64
		Debug|x86 = Debug|x86
		Release|ARM = Release|ARM
		Release|x64 = Release|x64
		Release|x86 = Release|x86
	EndGlobalSection
	GlobalSection(ProjectConfigurationPlatforms) = postSolution
		{46C139BC-6D74-48C2-B1C2-CF464F6C0D94}.Debug|ARM.ActiveCfg = Debug|Win32
		{46C139BC-6D74-48C2-B1C2-CF464F6C0D94}.Debug|x64.ActiveCfg = Debug|x64
		{46C139BC-6D74-48C2-B1C2-CF464F6C0D94}.Debug|x64.Build.0 = Debug|x64
		{46C139BC-6D74-48C2-B1C2-CF464F6C0D94}.Debug|x86.ActiveCfg = Debug|Win32
		{46C139BC-6D74-48C2-B1C2-CF464F6C0D94}.Debug|x86.Build.0 = Debug|Win32
		{46C139BC-6D74-48C2-B1C2-CF464F6C0D94}.Release|ARM.ActiveCfg = Release|Win32
		{46C139BC-6D74-48C2-B1C2-CF464F6C0D94}.Release|x64.ActiveCfg = Release|x64
		{46C139BC-6D74-48C2-B1C2-CF464F6C0D94}.Release|x64.Build.0 = Release|x64
		{46C139BC-6D74-48C2-B1C2-CF464F6C0D94}.Release|x86.ActiveCfg = Release|Win32
		{46C139BC-6D74-48C2-B1C2-CF464F6C0D94}.Release|x86.Build.0 = Release|Win32
		{9BE0EC04-AE90-46F4-B78F-F96AA8707036}.Debug|ARM.ActiveCfg = Debug|Win32
		{9BE0EC04-AE90-46F4-B78F-F96AA8707036}.Debug|x64.ActiveCfg = Debug|x64
		{9BE0EC04-AE90-46F4-B78F-F96AA8707036}.Debug|x64.Build.0 = Debug|x64
		{9BE0EC04-AE90-46F4-B78F-F96AA8707036}.Debug|x86.ActiveCfg = Debug|Win32
		{9BE0EC04-AE90-46F4-B78F-F96AA8707036}.Debug|x86.Build.0 = Debug|Win32
		{9BE0EC04-AE90-46F4-B78F-F96AA8707036}.Release|ARM.ActiveCfg = Release|Win32
		{9BE0EC04-AE90-46F4-B78F-F96AA8707036}.Release|x64.ActiveCfg = Release|x64
		{9BE0EC04-AE90-46F4-B78F-F96AA8707036}.Release|x64.Build.0 = Release|x64
		{9BE0EC04-AE90-46F4-B78F-F96AA8707036}.Release|x86.ActiveCfg = Release|Win32
		{9BE0EC04-AE90-46F4-B78F-F96AA8707036}.Release|x86.Build.0 = Release|Win32
		{9092C5CC-3E71-41B3-BF68-4A7BDD8A5476}.Debug|ARM.ActiveCfg = Debug|Win32
		{9092C5CC-3E71-41B3-BF68-4A7BDD8A5476}.Debug|x64.ActiveCfg = Debug|x64
		{9092C5CC-3E71-41B3-BF68-4A7BDD8A5476}.Debug|x64.Build.0 = Debug|x64
		{9092C5CC-3E71-41B3-BF68-4A7BDD8A5476}.Debug|x86.ActiveCfg = Debug|Win32
		{9092C5CC-3E71-41B3-BF68-4A7BDD8A5476}.Debug|x86.Build.0 = Debug|Win32
		{9092C5CC-3E71-41B3-BF68-4A7BDD8A5476}.Release|ARM.ActiveCfg = Release|Win32
		{9092C5CC-3E71-41B3-BF68-4A7BDD8A5476}.Release|x64.ActiveCfg = Release|x64
		{9092C5CC-3E71-41B3-BF68-4A7BDD8A5476}.Release|x64.Build.0 = Release|x64
		{9092C5CC-3E71-41B3-BF68-4A7BDD8A5476}.Release|x86.ActiveCfg = Release|Win32
		{9092C5CC-3E71-41B3-BF68-4A7BDD8A5476}.Release|x86.Build.0 = Release|Win32
		{79C9BBEC-D7C9-4BA3-B2B3-5C3A14A9F24A}.Debug|ARM.ActiveCfg = Debug|ARM
		{79C9BBEC-D7C9-4BA3-B2B3-5C3A14A9F24A}.Debug|ARM.Build.0 = Debug|ARM
		{79C9BBEC-D7C9-4BA3-B2B3-5C3A14A9F24A}.Debug|x64.ActiveCfg = Debug|x64
		{79C9BBEC-D7C9-4BA3-B2B3-5C3A14A9F24A}.Debug|x64.Build.0 = Debug|x64
		{79C9BBEC-D7C9-4BA3-B2B3-5C3A14A9F24A}.Debug|x86.ActiveCfg = Debug|Win32
		{79C9BBEC-D7C9-4BA3-B2B3-5C3A14A9F24A}.Debug|x86.Build.0 = Debug|Win32
		{79C9BBEC-D7C9-4BA3-B2B3-5C3A14A9F24A}.Release|ARM.ActiveCfg = Release|ARM
		{79C9BBEC-D7C9-4BA3-B2B3-5C3A14A9F24A}.Release|ARM.Build.0 = Release|ARM
		{79C9BBEC-D7C9-4BA3-B2B3-5C3A14A9F24A}.Release|x64.ActiveCfg = Release|x64
		{79C9BBEC-D7C9-4BA3-B2B3-5C3A14A9F24A}.Release|x64.Build.0 = Release|x64
		{79C9BBEC-D7C9-4BA3-B2B3-5C3A14A9F24A}.Release|x86.ActiveCfg = Release|Win32
		{79C9BBEC-D7C9-4BA3-B2B3-5C3A14A9F24A}.Release|x86.Build.0 = Release|Win32
		{D4EB3545-C852-4669-9E7E-0C400856D1BF}.Debug|ARM.ActiveCfg = Debug|Win32
		{D4EB3545-C852-4669-9E7E-0C400856D1BF}.Debug|x64.ActiveCfg = Debug|x64
		{D4EB3545-C852-4669-9E7E-0C400856D1BF}.Debug|x64.Build.0 = Debug|x64
		{D4EB3545-C852-4669-9E7E-0C400856D1BF}.Debug|x86.ActiveCfg = Debug|Win32
		{D4EB3545-C852-4669-9E7E-0C400856D1BF}.Debug|x86.Build.0 = Debug|Win32
		{D4EB3545-C852-4669-9E7E-0C400856D1BF}.Release|ARM.ActiveCfg = Release|Win32
		{D4EB3545-C852-4669-9E7E-0C400856D1BF}.Release|x64.ActiveCfg = Release|x64
		{D4EB3545-C852-4669-9E7E-0C400856D1BF}.Release|x64.Build.0 = Release|x64
		{D4EB3545-C852-4669-9E7E-0C400856D1BF}.Release|x86.ActiveCfg = Release|Win32
		{D4EB3545-C852-4669-9E7E-0C400856D1BF}.Release|x86.Build.0 = Release|Win32
	EndGlobalSection
	GlobalSection(SolutionProperties) = preSolution
		HideSolutionNode = FALSE
	EndGlobalSection
	GlobalSection(NestedProjects) = preSolution
		{20BB3785-1CE7-413E-94B3-5E54D92A1B2E} = {E8DA11C4-89DA-4262-A925-CD820E2EA94B}
		{705648AD-D45F-461C-A5CE-85DA6884CA65} = {E8DA11C4-89DA-4262-A925-CD820E2EA94B}
		{46C139BC-6D74-48C2-B1C2-CF464F6C0D94} = {AA89C0DC-E698-43FC-BFEF-20B007A48AAE}
		{9BE0EC04-AE90-46F4-B78F-F96AA8707036} = {AA89C0DC-E698-43FC-BFEF-20B007A48AAE}
		{9092C5CC-3E71-41B3-BF68-4A7BDD8A5476} = {3B7C6144-0B99-42A4-BC28-296E53BB2133}
		{79C9BBEC-D7C9-4BA3-B2B3-5C3A14A9F24A} = {3B7C6144-0B99-42A4-BC28-296E53BB2133}
		{D4EB3545-C852-4669-9E7E-0C400856D1BF} = {705648AD-D45F-461C-A5CE-85DA6884CA65}
	EndGlobalSection
EndGlobal
